Microsoft Visual Studio Solution File, Format Version 11.00
# Visual Studio 2008

Project("{C5B5A8F0-2CF9-C2BA-C35D-53F139B15AF4}") = "MetaSlog", "Assembly-CSharp.csproj", "{0276DF61-8ABB-212F-9CE2-70A45C34BA3A}"
EndProject
Project("{C5B5A8F0-2CF9-C2BA-C35D-53F139B15AF4}") = "MetaSlog", "Assembly-CSharp-Editor.csproj", "{AB6715FC-B831-FA47-ACA7-190E26D35805}"
EndProject
Global
	GlobalSection(SolutionConfigurationPlatforms) = preSolution
		Debug|Any CPU = Debug|Any CPU
		Release|Any CPU = Release|Any CPU
	EndGlobalSection
	GlobalSection(ProjectConfigurationPlatforms) = postSolution
		{0276DF61-8ABB-212F-9CE2-70A45C34BA3A}.Debug|Any CPU.ActiveCfg = Debug|Any CPU
		{0276DF61-8ABB-212F-9CE2-70A45C34BA3A}.Debug|Any CPU.Build.0 = Debug|Any CPU
		{0276DF61-8ABB-212F-9CE2-70A45C34BA3A}.Release|Any CPU.ActiveCfg = Release|Any CPU
		{0276DF61-8ABB-212F-9CE2-70A45C34BA3A}.Release|Any CPU.Build.0 = Release|Any CPU
		{AB6715FC-B831-FA47-ACA7-190E26D35805}.Debug|Any CPU.ActiveCfg = Debug|Any CPU
		{AB6715FC-B831-FA47-ACA7-190E26D35805}.Debug|Any CPU.Build.0 = Debug|Any CPU
		{AB6715FC-B831-FA47-ACA7-190E26D35805}.Release|Any CPU.ActiveCfg = Release|Any CPU
		{AB6715FC-B831-FA47-ACA7-190E26D35805}.Release|Any CPU.Build.0 = Release|Any CPU
	EndGlobalSection
	GlobalSection(SolutionProperties) = preSolution
		HideSolutionNode = FALSE
	EndGlobalSection
	GlobalSection(MonoDevelopProperties) = preSolution
		StartupItem = Assembly-CSharp.csproj
	EndGlobalSection
EndGlobal
